{
  "name": "@privacybydesign/yivi-popup",
  "version": "0.1.0",
  "lockfileVersion": 2,
  "requires": true,
  "packages": {
    "": {
      "name": "@privacybydesign/yivi-popup",
      "version": "0.1.0",
      "license": "SEE LICENSE IN REPOSITORY",
      "dependencies": {
        "deepmerge": "^4.2.2"
      },
      "optionalDependencies": {
        "@privacybydesign/yivi-web": "../yivi-web"
      }
    },
    "../yivi-web": {
      "name": "@privacybydesign/yivi-web",
      "version": "0.1.0",
      "license": "SEE LICENSE IN REPOSITORY",
      "optional": true,
      "dependencies": {
        "deepmerge": "^4.2.2",
        "qrcode": "^1.4.2"
      }
    },
    "node_modules/@privacybydesign/yivi-web": {
      "resolved": "../yivi-web",
      "link": true
    },
    "node_modules/deepmerge": {
      "version": "4.2.2",
      "resolved": "https://registry.npmjs.org/deepmerge/-/deepmerge-4.2.2.tgz",
      "integrity": "sha512-FJ3UgI4gIl+PHZm53knsuSFpE+nESMr7M4v9QcgB7S63Kj/6WqMiFQJpBBYz1Pt+66bZpP3Q7Lye0Oo9MPKEdg==",
      "engines": {
        "node": ">=0.10.0"
      }
    }
  },
  "dependencies": {
    "@privacybydesign/yivi-web": {
      "version": "file:../yivi-web",
      "requires": {
        "deepmerge": "^4.2.2",
        "qrcode": "^1.4.2"
      }
    },
    "deepmerge": {
      "version": "4.2.2",
      "resolved": "https://registry.npmjs.org/deepmerge/-/deepmerge-4.2.2.tgz",
      "integrity": "sha512-FJ3UgI4gIl+PHZm53knsuSFpE+nESMr7M4v9QcgB7S63Kj/6WqMiFQJpBBYz1Pt+66bZpP3Q7Lye0Oo9MPKEdg=="
    }
  }
}
